# THIS IS AN AUTOGENERATED FILE. DO NOT EDIT THIS FILE DIRECTLY.
# yarn lockfile v1


"@shelacek/ubjson@^1.0.1":
  version "1.0.1"
  resolved "https://registry.yarnpkg.com/@shelacek/ubjson/-/ubjson-1.0.1.tgz#009d39ea22fa80e036f97e936650951a8225fafe"
  integrity sha512-0vlllP3M7fUElSd4239wmnv6SqDeymJgjRkb/iusOyDN4I0xjc8hrX4Zk/KYoAesgSdsnnSwhOU7g+IewmdaAw==

iconv-lite@^0.5.0, iconv-lite@^0.5.2:
  version "0.5.2"
  resolved "https://registry.yarnpkg.com/iconv-lite/-/iconv-lite-0.5.2.tgz#af6d628dccfb463b7364d97f715e4b74b8c8c2b8"
  integrity sha512-kERHXvpSaB4aU3eANwidg79K8FlrN77m8G9V+0vOR3HYaRifrlwMEpT7ZBJqLSEIHnEgJTHcWK82wwLwwKwtag==
  dependencies:
    safer-buffer ">= 2.1.2 < 3"

lodash@^4.17.11, lodash@^4.17.19:
  version "4.17.19"
  resolved "https://registry.yarnpkg.com/lodash/-/lodash-4.17.19.tgz#e48ddedbe30b3321783c5b4301fbd353bc1e4a4b"
  integrity sha512-JNvd8XER9GQX0v2qJgsaN/mzFCNA5BRe/j8JN9d+tWyGLSodKQHKFicdwNYzWwI3wjRnaKPsGj1XkBjx/F96DQ==

"safer-buffer@>= 2.1.2 < 3", safer-buffer@^2.1.2:
  version "2.1.2"
  resolved "https://registry.yarnpkg.com/safer-buffer/-/safer-buffer-2.1.2.tgz#44fa161b0187b9549dd84bb91802f9bd8385cd6a"
  integrity sha512-YZo3K82SD7Riyi0E1EQPojLz7kpepnSQI9IyPbHHg1XXXevb5dJI7tpyN2ADxGcQbHG7vcyRHk0cbwqcQriUtg==

semver@^6.3.0:
  version "6.3.0"
  resolved "https://registry.yarnpkg.com/semver/-/semver-6.3.0.tgz#ee0a64c8af5e8ceea67687b133761e1becbd1d3d"
  integrity sha512-b39TBaTSfV6yBrapU89p5fKekE2m/NwnDocOVruQFS1/veMgdzuPcnOM34M6CwxW8jH/lxEa5rBoDeUwu5HHTw==

slp-parser-js@^4.1.0:
  version "4.1.0"
  resolved "https://registry.yarnpkg.com/slp-parser-js/-/slp-parser-js-4.1.0.tgz#e7000978a360b1928d2496bdee815d9460e70996"
  integrity sha512-hyNvSzN2QPivwtbG1Dhb55s3jlyZuDpXVvhaC8Aann8UXLD2sNY13VJZEk0jTDwyaOhVHjGhVYH9rFWhpDdkGQ==
  dependencies:
    "@shelacek/ubjson" "^1.0.1"
    iconv-lite "^0.5.0"
    lodash "^4.17.11"
    semver "^6.3.0"
